
Microsoft Visual Studio Solution File, Format Version 12.00
# Visual Studio Version 17
VisualStudioVersion = 17.5.33424.131
MinimumVisualStudioVersion = 10.0.40219.1
Project("{FAE04EC0-301F-11D3-BF4B-00C04F79EFBC}") = "Suspend Process v2", "Suspend Process v2\Suspend Process v2.csproj", "{32FAE1AA-D238-4385-8031-7DDAA45BFCF7}"
EndProject
Global
	GlobalSection(SolutionConfigurationPlatforms) = preSolution
		Debug|Any CPU = Debug|Any CPU
		Release|Any CPU = Release|Any CPU
	EndGlobalSection
	GlobalSection(ProjectConfigurationPlatforms) = postSolution
		{32FAE1AA-D238-4385-8031-7DDAA45BFCF7}.Debug|Any CPU.ActiveCfg = Debug|Any CPU
		{32FAE1AA-D238-4385-8031-7DDAA45BFCF7}.Debug|Any CPU.Build.0 = Debug|Any CPU
		{32FAE1AA-D238-4385-8031-7DDAA45BFCF7}.Release|Any CPU.ActiveCfg = Release|Any CPU
		{32FAE1AA-D238-4385-8031-7DDAA45BFCF7}.Release|Any CPU.Build.0 = Release|Any CPU
	EndGlobalSection
	GlobalSection(SolutionProperties) = preSolution
		HideSolutionNode = FALSE
	EndGlobalSection
	GlobalSection(ExtensibilityGlobals) = postSolution
		SolutionGuid = {48138927-1589-4F57-A659-83D9F19249C5}
	EndGlobalSection
EndGlobal
